
Microsoft Visual Studio Solution File, Format Version 12.00
# Visual Studio Version 16
VisualStudioVersion = 16.0.30413.136
MinimumVisualStudioVersion = 10.0.40219.1
Project("{888888A0-9F3D-457C-B088-3A5042F75D52}") = "Projekt", "Projekt\Projekt.pyproj", "{471B85F5-EC7F-48C3-A8D0-63C1575A1E29}"
EndProject
Global
	GlobalSection(SolutionConfigurationPlatforms) = preSolution
		Debug|Any CPU = Debug|Any CPU
		Release|Any CPU = Release|Any CPU
	EndGlobalSection
	GlobalSection(ProjectConfigurationPlatforms) = postSolution
		{471B85F5-EC7F-48C3-A8D0-63C1575A1E29}.Debug|Any CPU.ActiveCfg = Debug|Any CPU
		{471B85F5-EC7F-48C3-A8D0-63C1575A1E29}.Release|Any CPU.ActiveCfg = Release|Any CPU
	EndGlobalSection
	GlobalSection(SolutionProperties) = preSolution
		HideSolutionNode = FALSE
	EndGlobalSection
	GlobalSection(ExtensibilityGlobals) = postSolution
		SolutionGuid = {7AAB7495-CE76-4C43-BC92-0D3FF67E06C4}
	EndGlobalSection
EndGlobal
